
Microsoft Visual Studio Solution File, Format Version 12.00
# Visual Studio 15
VisualStudioVersion = 15.0.27130.2027
MinimumVisualStudioVersion = 10.0.40219.1
Project("{FAE04EC0-301F-11D3-BF4B-00C04F79EFBC}") = "Reminderappv1.2", "Reminderappv1.2\Reminderappv1.2.csproj", "{9598EAF8-0D65-4B6F-8E6E-9E37C199DD90}"
EndProject
Global
	GlobalSection(SolutionConfigurationPlatforms) = preSolution
		Debug|Any CPU = Debug|Any CPU
		Release|Any CPU = Release|Any CPU
	EndGlobalSection
	GlobalSection(ProjectConfigurationPlatforms) = postSolution
		{9598EAF8-0D65-4B6F-8E6E-9E37C199DD90}.Debug|Any CPU.ActiveCfg = Debug|Any CPU
		{9598EAF8-0D65-4B6F-8E6E-9E37C199DD90}.Debug|Any CPU.Build.0 = Debug|Any CPU
		{9598EAF8-0D65-4B6F-8E6E-9E37C199DD90}.Release|Any CPU.ActiveCfg = Release|Any CPU
		{9598EAF8-0D65-4B6F-8E6E-9E37C199DD90}.Release|Any CPU.Build.0 = Release|Any CPU
	EndGlobalSection
	GlobalSection(SolutionProperties) = preSolution
		HideSolutionNode = FALSE
	EndGlobalSection
	GlobalSection(ExtensibilityGlobals) = postSolution
		SolutionGuid = {2215B493-937B-4910-BF48-8E7EF564C766}
	EndGlobalSection
EndGlobal
